
Microsoft Visual Studio Solution File, Format Version 12.00
# Visual Studio Version 16
VisualStudioVersion = 16.0.30002.166
MinimumVisualStudioVersion = 10.0.40219.1
Project("{9A19103F-16F7-4668-BE54-9A1E7A4F7556}") = "FrontEnd", "FrontEnd\FrontEnd.csproj", "{A9F01AB8-3B9A-4725-BF8A-C301F7A14089}"
EndProject
Project("{2150E333-8FDC-42A3-9474-1A3956D46DE8}") = "1 - Arquitectura", "1 - Arquitectura", "{BACB9AC6-DC6A-4FD2-B0EC-F8F9D0CFDDA1}"
EndProject
Project("{2150E333-8FDC-42A3-9474-1A3956D46DE8}") = "1.1 FrontEnd", "1.1 FrontEnd", "{3B633C62-3863-4524-BD86-E557DAF23524}"
EndProject
Project("{2150E333-8FDC-42A3-9474-1A3956D46DE8}") = "1.2 Application", "1.2 Application", "{604BB599-C6BB-4696-9053-0F6D253FD034}"
EndProject
Project("{2150E333-8FDC-42A3-9474-1A3956D46DE8}") = "1.3 Domain", "1.3 Domain", "{43823457-92F9-46EF-BCDE-1635BACB4D3E}"
EndProject
Project("{2150E333-8FDC-42A3-9474-1A3956D46DE8}") = "1.4 DataAccess", "1.4 DataAccess", "{C2DE94E9-B498-4134-AF64-78DF4B762626}"
EndProject
Project("{9A19103F-16F7-4668-BE54-9A1E7A4F7556}") = "Application", "Application\Application.csproj", "{87794377-AFF4-4F85-9112-8BE5A7DD73C0}"
EndProject
Project("{9A19103F-16F7-4668-BE54-9A1E7A4F7556}") = "Application.Contracts", "Application.Contracts\Application.Contracts.csproj", "{4658A8D6-8992-440E-B2C4-D63CF686C951}"
EndProject
Project("{9A19103F-16F7-4668-BE54-9A1E7A4F7556}") = "DataAccess", "DataAccess\DataAccess.csproj", "{26485D82-6200-443F-BA22-D2FF667AEBAA}"
EndProject
Project("{9A19103F-16F7-4668-BE54-9A1E7A4F7556}") = "DataAccess.Contracts", "DataAccess.Contracts\DataAccess.Contracts.csproj", "{5FBF2CA7-31E9-4855-99AD-C138F4E112B1}"
EndProject
Project("{2150E333-8FDC-42A3-9474-1A3956D46DE8}") = "1.5 CrossCutting", "1.5 CrossCutting", "{151903AD-4EE3-4D2D-81CD-FE603AD4441E}"
EndProject
Project("{9A19103F-16F7-4668-BE54-9A1E7A4F7556}") = "CrossCutting", "CrossCutting\CrossCutting.csproj", "{70185E63-0DA1-434F-ACE4-35FF9109C680}"
EndProject
Project("{9A19103F-16F7-4668-BE54-9A1E7A4F7556}") = "Domain", "Domain\Domain.csproj", "{C6126289-9F64-43EE-8D60-A48C37EFEFDA}"
EndProject
Global
	GlobalSection(SolutionConfigurationPlatforms) = preSolution
		Debug|Any CPU = Debug|Any CPU
		Release|Any CPU = Release|Any CPU
	EndGlobalSection
	GlobalSection(ProjectConfigurationPlatforms) = postSolution
		{A9F01AB8-3B9A-4725-BF8A-C301F7A14089}.Debug|Any CPU.ActiveCfg = Debug|Any CPU
		{A9F01AB8-3B9A-4725-BF8A-C301F7A14089}.Debug|Any CPU.Build.0 = Debug|Any CPU
		{A9F01AB8-3B9A-4725-BF8A-C301F7A14089}.Release|Any CPU.ActiveCfg = Release|Any CPU
		{A9F01AB8-3B9A-4725-BF8A-C301F7A14089}.Release|Any CPU.Build.0 = Release|Any CPU
		{87794377-AFF4-4F85-9112-8BE5A7DD73C0}.Debug|Any CPU.ActiveCfg = Debug|Any CPU
		{87794377-AFF4-4F85-9112-8BE5A7DD73C0}.Debug|Any CPU.Build.0 = Debug|Any CPU
		{87794377-AFF4-4F85-9112-8BE5A7DD73C0}.Release|Any CPU.ActiveCfg = Release|Any CPU
		{87794377-AFF4-4F85-9112-8BE5A7DD73C0}.Release|Any CPU.Build.0 = Release|Any CPU
		{4658A8D6-8992-440E-B2C4-D63CF686C951}.Debug|Any CPU.ActiveCfg = Debug|Any CPU
		{4658A8D6-8992-440E-B2C4-D63CF686C951}.Debug|Any CPU.Build.0 = Debug|Any CPU
		{4658A8D6-8992-440E-B2C4-D63CF686C951}.Release|Any CPU.ActiveCfg = Release|Any CPU
		{4658A8D6-8992-440E-B2C4-D63CF686C951}.Release|Any CPU.Build.0 = Release|Any CPU
		{26485D82-6200-443F-BA22-D2FF667AEBAA}.Debug|Any CPU.ActiveCfg = Debug|Any CPU
		{26485D82-6200-443F-BA22-D2FF667AEBAA}.Debug|Any CPU.Build.0 = Debug|Any CPU
		{26485D82-6200-443F-BA22-D2FF667AEBAA}.Release|Any CPU.ActiveCfg = Release|Any CPU
		{26485D82-6200-443F-BA22-D2FF667AEBAA}.Release|Any CPU.Build.0 = Release|Any CPU
		{5FBF2CA7-31E9-4855-99AD-C138F4E112B1}.Debug|Any CPU.ActiveCfg = Debug|Any CPU
		{5FBF2CA7-31E9-4855-99AD-C138F4E112B1}.Debug|Any CPU.Build.0 = Debug|Any CPU
		{5FBF2CA7-31E9-4855-99AD-C138F4E112B1}.Release|Any CPU.ActiveCfg = Release|Any CPU
		{5FBF2CA7-31E9-4855-99AD-C138F4E112B1}.Release|Any CPU.Build.0 = Release|Any CPU
		{70185E63-0DA1-434F-ACE4-35FF9109C680}.Debug|Any CPU.ActiveCfg = Debug|Any CPU
		{70185E63-0DA1-434F-ACE4-35FF9109C680}.Debug|Any CPU.Build.0 = Debug|Any CPU
		{70185E63-0DA1-434F-ACE4-35FF9109C680}.Release|Any CPU.ActiveCfg = Release|Any CPU
		{70185E63-0DA1-434F-ACE4-35FF9109C680}.Release|Any CPU.Build.0 = Release|Any CPU
		{C6126289-9F64-43EE-8D60-A48C37EFEFDA}.Debug|Any CPU.ActiveCfg = Debug|Any CPU
		{C6126289-9F64-43EE-8D60-A48C37EFEFDA}.Debug|Any CPU.Build.0 = Debug|Any CPU
		{C6126289-9F64-43EE-8D60-A48C37EFEFDA}.Release|Any CPU.ActiveCfg = Release|Any CPU
		{C6126289-9F64-43EE-8D60-A48C37EFEFDA}.Release|Any CPU.Build.0 = Release|Any CPU
	EndGlobalSection
	GlobalSection(SolutionProperties) = preSolution
		HideSolutionNode = FALSE
	EndGlobalSection
	GlobalSection(NestedProjects) = preSolution
		{A9F01AB8-3B9A-4725-BF8A-C301F7A14089} = {3B633C62-3863-4524-BD86-E557DAF23524}
		{3B633C62-3863-4524-BD86-E557DAF23524} = {BACB9AC6-DC6A-4FD2-B0EC-F8F9D0CFDDA1}
		{604BB599-C6BB-4696-9053-0F6D253FD034} = {BACB9AC6-DC6A-4FD2-B0EC-F8F9D0CFDDA1}
		{43823457-92F9-46EF-BCDE-1635BACB4D3E} = {BACB9AC6-DC6A-4FD2-B0EC-F8F9D0CFDDA1}
		{C2DE94E9-B498-4134-AF64-78DF4B762626} = {BACB9AC6-DC6A-4FD2-B0EC-F8F9D0CFDDA1}
		{87794377-AFF4-4F85-9112-8BE5A7DD73C0} = {604BB599-C6BB-4696-9053-0F6D253FD034}
		{4658A8D6-8992-440E-B2C4-D63CF686C951} = {604BB599-C6BB-4696-9053-0F6D253FD034}
		{26485D82-6200-443F-BA22-D2FF667AEBAA} = {C2DE94E9-B498-4134-AF64-78DF4B762626}
		{5FBF2CA7-31E9-4855-99AD-C138F4E112B1} = {C2DE94E9-B498-4134-AF64-78DF4B762626}
		{151903AD-4EE3-4D2D-81CD-FE603AD4441E} = {BACB9AC6-DC6A-4FD2-B0EC-F8F9D0CFDDA1}
		{70185E63-0DA1-434F-ACE4-35FF9109C680} = {151903AD-4EE3-4D2D-81CD-FE603AD4441E}
		{C6126289-9F64-43EE-8D60-A48C37EFEFDA} = {43823457-92F9-46EF-BCDE-1635BACB4D3E}
	EndGlobalSection
	GlobalSection(ExtensibilityGlobals) = postSolution
		SolutionGuid = {CB9485F4-D54C-400F-92BD-873C91E13E24}
	EndGlobalSection
EndGlobal
